
Microsoft Visual Studio Solution File, Format Version 12.00
# Visual Studio Version 17
VisualStudioVersion = 17.9.34723.18
MinimumVisualStudioVersion = 10.0.40219.1
Project("{8BC9CEB8-8B4A-11D0-8D11-00A0C91BC942}") = "TicTacToe", "TicTacToe.vcxproj", "{E3BA79DD-12B7-4FBF-8701-62CC3F07D13C}"
EndProject
Global
	GlobalSection(SolutionConfigurationPlatforms) = preSolution
		Debug|x64 = Debug|x64
		Debug|x86 = Debug|x86
		Release|x64 = Release|x64
		Release|x86 = Release|x86
	EndGlobalSection
	GlobalSection(ProjectConfigurationPlatforms) = postSolution
		{E3BA79DD-12B7-4FBF-8701-62CC3F07D13C}.Debug|x64.ActiveCfg = Debug|x64
		{E3BA79DD-12B7-4FBF-8701-62CC3F07D13C}.Debug|x64.Build.0 = Debug|x64
		{E3BA79DD-12B7-4FBF-8701-62CC3F07D13C}.Debug|x86.ActiveCfg = Debug|Win32
		{E3BA79DD-12B7-4FBF-8701-62CC3F07D13C}.Debug|x86.Build.0 = Debug|Win32
		{E3BA79DD-12B7-4FBF-8701-62CC3F07D13C}.Release|x64.ActiveCfg = Release|x64
		{E3BA79DD-12B7-4FBF-8701-62CC3F07D13C}.Release|x64.Build.0 = Release|x64
		{E3BA79DD-12B7-4FBF-8701-62CC3F07D13C}.Release|x86.ActiveCfg = Release|Win32
		{E3BA79DD-12B7-4FBF-8701-62CC3F07D13C}.Release|x86.Build.0 = Release|Win32
	EndGlobalSection
	GlobalSection(SolutionProperties) = preSolution
		HideSolutionNode = FALSE
	EndGlobalSection
	GlobalSection(ExtensibilityGlobals) = postSolution
		SolutionGuid = {8E9CF355-9A60-40EF-9CBD-E717B093C775}
	EndGlobalSection
EndGlobal
